
Microsoft Visual Studio Solution File, Format Version 12.00
# Visual Studio 2013
VisualStudioVersion = 12.0.21005.1
MinimumVisualStudioVersion = 10.0.40219.1
Project("{F184B08F-C81C-45F6-A57F-5ABD9991F28F}") = "Book", "Book\Book.vbproj", "{6735B72E-3B7E-4A69-9E03-82098D98A08E}"
EndProject
Global
	GlobalSection(SolutionConfigurationPlatforms) = preSolution
		Debug|Any CPU = Debug|Any CPU
		Release|Any CPU = Release|Any CPU
	EndGlobalSection
	GlobalSection(ProjectConfigurationPlatforms) = postSolution
		{6735B72E-3B7E-4A69-9E03-82098D98A08E}.Debug|Any CPU.ActiveCfg = Debug|Any CPU
		{6735B72E-3B7E-4A69-9E03-82098D98A08E}.Debug|Any CPU.Build.0 = Debug|Any CPU
		{6735B72E-3B7E-4A69-9E03-82098D98A08E}.Release|Any CPU.ActiveCfg = Release|Any CPU
		{6735B72E-3B7E-4A69-9E03-82098D98A08E}.Release|Any CPU.Build.0 = Release|Any CPU
	EndGlobalSection
	GlobalSection(SolutionProperties) = preSolution
		HideSolutionNode = FALSE
	EndGlobalSection
EndGlobal
